accepts:
 _:
  ^1.3.5: 1.3.5
 1.3.5:
  $: sha1-63d99gEXI6OxTopywIBcjoZ0a9I=
  _: 'https://registry.npmjs.org/accepts/-/accepts-1.3.5.tgz'
  dependencies:
   mime-types: ~2.1.18
   negotiator: 0.6.1
any-promise:
 _:
  ^1.1.0: 1.3.0
 1.3.0:
  $: sha1-q8av7tzqUugJzcA3au0845Y10X8=
  _: 'https://registry.npmjs.org/any-promise/-/any-promise-1.3.0.tgz'
cache-content-type:
 _:
  ^1.0.0: 1.0.1
 1.0.1:
  $: sha512-IKufZ1o4Ut42YUrZSo8+qnMTrFuKkvyoLXUywKz9GJ5BrhOFGhLdkx9sG4KAnVvbY6kEcSFjLQul+DVmBm2bgA==
  _: 'https://registry.npmjs.org/cache-content-type/-/cache-content-type-1.0.1.tgz'
  dependencies:
   mime-types: ^2.1.18
   ylru: ^1.2.0
co:
 _:
  ^4.6.0: 4.6.0
 4.6.0:
  $: sha1-bqa989hTrlTMuOR7+gvz+QMfsYQ=
  _: 'https://registry.npmjs.org/co/-/co-4.6.0.tgz'
content-disposition:
 _:
  ~0.5.2: 0.5.2
 0.5.2:
  $: sha1-DPaLud318r55YcOoUXjLhdunjLQ=
  _: 'https://registry.npmjs.org/content-disposition/-/content-disposition-0.5.2.tgz'
content-type:
 _:
  ^1.0.4: 1.0.4
 1.0.4:
  $: sha512-hIP3EEPs8tB9AT1L+NUqtwOAps4mk2Zob89MWXMHjHWg9milF/j4osnnQLXBCBFBk/tvIG/tUc9mOUJiPBhPXA==
  _: 'https://registry.npmjs.org/content-type/-/content-type-1.0.4.tgz'
cookies:
 _:
  ~0.7.1: 0.7.3
 0.7.3:
  $: sha512-+gixgxYSgQLTaTIilDHAdlNPZDENDQernEMiIcZpYYP14zgHsCt4Ce1FEjFtcp6GefhozebB6orvhAAWx/IS0A==
  _: 'https://registry.npmjs.org/cookies/-/cookies-0.7.3.tgz'
  dependencies:
   depd: ~1.1.2
   keygrip: ~1.0.3
debug:
 _:
  '*,~3.1.0': 3.1.0
 3.1.0:
  $: sha512-OX8XqP7/1a9cqkxYw2yXss15f26NKWBpDXQd0/uK/KPqdQhxbPa994hnzjcE2VqQpDslf55723cKPUOGSmMY3g==
  _: 'https://registry.npmjs.org/debug/-/debug-3.1.0.tgz'
  dependencies:
   ms: 2.0.0
deep-equal:
 _:
  ~1.0.1: 1.0.1
 1.0.1:
  $: sha1-9dJgKStmDghO/0zbyfCK0yR0SLU=
  _: 'https://registry.npmjs.org/deep-equal/-/deep-equal-1.0.1.tgz'
delegates:
 _:
  ^1.0.0: 1.0.0
 1.0.0:
  $: sha1-hMbhWbgZBP3KWaDvRM2HDTElD5o=
  _: 'https://registry.npmjs.org/delegates/-/delegates-1.0.0.tgz'
depd:
 _:
  '^1.1.2,~1.1.2': 1.1.2
 1.1.2:
  $: sha1-m81S4UwJd2PnSbJ0xDRu0uVgtak=
  _: 'https://registry.npmjs.org/depd/-/depd-1.1.2.tgz'
destroy:
 _:
  ^1.0.4: 1.0.4
 1.0.4:
  $: sha1-l4hXRCxEdJ5CBmE+N5RiBYJqvYA=
  _: 'https://registry.npmjs.org/destroy/-/destroy-1.0.4.tgz'
ee-first:
 _:
  1.1.1: 1.1.1
 1.1.1:
  $: sha1-WQxhFWsK4vTwJVcyoViyZrxWsh0=
  _: 'https://registry.npmjs.org/ee-first/-/ee-first-1.1.1.tgz'
error-inject:
 _:
  ^1.0.0: 1.0.0
 1.0.0:
  $: sha1-4rPZG1Su1nLzCdlQ0VSFD6EdTzc=
  _: 'https://registry.npmjs.org/error-inject/-/error-inject-1.0.0.tgz'
escape-html:
 _:
  ^1.0.3: 1.0.3
 1.0.3:
  $: sha1-Aljq5NPQwJdN4cFpGI7wBR0dGYg=
  _: 'https://registry.npmjs.org/escape-html/-/escape-html-1.0.3.tgz'
fresh:
 _:
  ~0.5.2: 0.5.2
 0.5.2:
  $: sha1-PYyt2Q2XZWn6g1qx+OSyOhBWBac=
  _: 'https://registry.npmjs.org/fresh/-/fresh-0.5.2.tgz'
http-assert:
 _:
  ^1.3.0: 1.4.0
 1.4.0:
  $: sha512-tPVv62a6l3BbQoM/N5qo969l0OFxqpnQzNUPeYfTP6Spo4zkgWeDBD1D5thI7sDLg7jCCihXTLB0X8UtdyAy8A==
  _: 'https://registry.npmjs.org/http-assert/-/http-assert-1.4.0.tgz'
  dependencies:
   deep-equal: ~1.0.1
   http-errors: ~1.7.1
http-errors:
 _:
  ^1.6.3: 1.6.3
  ~1.7.1: 1.7.2
 1.7.2:
  $: sha512-uUQBt3H/cSIVfch6i1EuPNy/YsRSOUBXTVfZ+yR7Zjez3qjBz6i9+i4zjNaoqcoFVI4lQJ5plg63TvGfRSDCRg==
  _: 'https://registry.npmjs.org/http-errors/-/http-errors-1.7.2.tgz'
  dependencies:
   depd: ~1.1.2
   inherits: 2.0.3
   setprototypeof: 1.1.1
   statuses: '>= 1.5.0 < 2'
   toidentifier: 1.0.0
 1.6.3:
  $: sha1-i1VoC7S+KDoLW/TqLjhYC+HZMg0=
  _: 'https://registry.npmjs.org/http-errors/-/http-errors-1.6.3.tgz'
  dependencies:
   depd: ~1.1.2
   inherits: 2.0.3
   setprototypeof: 1.1.0
   statuses: '>= 1.4.0 < 2'
inherits:
 _:
  2.0.3: 2.0.3
 2.0.3:
  $: sha1-Yzwsg+PaQqUC9SRmAiSA9CCCYd4=
  _: 'https://registry.npmjs.org/inherits/-/inherits-2.0.3.tgz'
is-generator-function:
 _:
  ^1.0.7: 1.0.7
 1.0.7:
  $: sha512-YZc5EwyO4f2kWCax7oegfuSr9mFz1ZvieNYBEjmukLxgXfBUbxAWGVF7GZf0zidYtoBl3WvC07YK0wT76a+Rtw==
  _: 'https://registry.npmjs.org/is-generator-function/-/is-generator-function-1.0.7.tgz'
isarray:
 _:
  0.0.1: 0.0.1
 0.0.1:
  $: sha1-ihis/Kmo9Bd+Cav8YDiTmwXR7t8=
  _: 'https://registry.npmjs.org/isarray/-/isarray-0.0.1.tgz'
keygrip:
 _:
  ~1.0.3: 1.0.3
 1.0.3:
  $: sha512-/PpesirAIfaklxUzp4Yb7xBper9MwP6hNRA6BGGUFCgbJ+BM5CKBtsoxinNXkLHAr+GXS1/lSlF2rP7cv5Fl+g==
  _: 'https://registry.npmjs.org/keygrip/-/keygrip-1.0.3.tgz'
koa:
 _:
  ^2.7.0: 2.7.0
 2.7.0:
  top: 1
  $: sha512-7ojD05s2Q+hFudF8tDLZ1CpCdVZw8JQELWSkcfG9bdtoTDzMmkRF6BQBU7JzIzCCOY3xd3tftiy/loHBUYaY2Q==
  _: 'https://registry.npmjs.org/koa/-/koa-2.7.0.tgz'
  dependencies:
   accepts: ^1.3.5
   cache-content-type: ^1.0.0
   content-disposition: ~0.5.2
   content-type: ^1.0.4
   cookies: ~0.7.1
   debug: ~3.1.0
   delegates: ^1.0.0
   depd: ^1.1.2
   destroy: ^1.0.4
   error-inject: ^1.0.0
   escape-html: ^1.0.3
   fresh: ~0.5.2
   http-assert: ^1.3.0
   http-errors: ^1.6.3
   is-generator-function: ^1.0.7
   koa-compose: ^4.1.0
   koa-convert: ^1.2.0
   koa-is-json: ^1.0.0
   on-finished: ^2.3.0
   only: ~0.0.2
   parseurl: ^1.3.2
   statuses: ^1.5.0
   type-is: ^1.6.16
   vary: ^1.1.2
koa-compose:
 _:
  ^3.0.0: 3.2.1
  ^4.1.0: 4.1.0
 4.1.0:
  $: sha512-8ODW8TrDuMYvXRwra/Kh7/rJo9BtOfPc6qO8eAfC80CnCvSjSl0bkRM24X6/XBBEyj0v1nRUQ1LyOy3dbqOWXw==
  _: 'https://registry.npmjs.org/koa-compose/-/koa-compose-4.1.0.tgz'
 3.2.1:
  $: sha1-qFzLQLfZhtjlo0Wzoazo6rz1Tec=
  _: 'https://registry.npmjs.org/koa-compose/-/koa-compose-3.2.1.tgz'
  dependencies:
   any-promise: ^1.1.0
koa-convert:
 _:
  ^1.2.0: 1.2.0
 1.2.0:
  $: sha1-2kCHXfSd4FOQmNFwC1CCDOvNIdA=
  _: 'https://registry.npmjs.org/koa-convert/-/koa-convert-1.2.0.tgz'
  dependencies:
   co: ^4.6.0
   koa-compose: ^3.0.0
koa-is-json:
 _:
  ^1.0.0: 1.0.0
 1.0.0:
  $: sha1-JzwH7c3Ljfaiwat9We52SRRR7BQ=
  _: 'https://registry.npmjs.org/koa-is-json/-/koa-is-json-1.0.0.tgz'
koa-route:
 _:
  ^3.2.0: 3.2.0
 3.2.0:
  top: 1
  $: sha1-dimLmaa8+p44yrb+XHmocz51i84=
  _: 'https://registry.npmjs.org/koa-route/-/koa-route-3.2.0.tgz'
  dependencies:
   debug: '*'
   methods: ~1.1.0
   path-to-regexp: ^1.2.0
media-typer:
 _:
  0.3.0: 0.3.0
 0.3.0:
  $: sha1-hxDXrwqmJvj/+hzgAWhUUmMlV0g=
  _: 'https://registry.npmjs.org/media-typer/-/media-typer-0.3.0.tgz'
methods:
 _:
  ~1.1.0: 1.1.2
 1.1.2:
  $: sha1-VSmk1nZUE07cxSZmVoNbD4Ua/O4=
  _: 'https://registry.npmjs.org/methods/-/methods-1.1.2.tgz'
mime-db:
 _:
  ~1.38.0: 1.38.0
 1.38.0:
  $: sha512-bqVioMFFzc2awcdJZIzR3HjZFX20QhilVS7hytkKrv7xFAn8bM1gzc/FOX2awLISvWe0PV8ptFKcon+wZ5qYkg==
  _: 'https://registry.npmjs.org/mime-db/-/mime-db-1.38.0.tgz'
mime-types:
 _:
  '^2.1.18,~2.1.18': 2.1.22
 2.1.22:
  $: sha512-aGl6TZGnhm/li6F7yx82bJiBZwgiEa4Hf6CNr8YO+r5UHr53tSTYZb102zyU50DOWWKeOv0uQLRL0/9EiKWCog==
  _: 'https://registry.npmjs.org/mime-types/-/mime-types-2.1.22.tgz'
  dependencies:
   mime-db: ~1.38.0
ms:
 _:
  2.0.0: 2.0.0
 2.0.0:
  $: sha1-VgiurfwAvmwpAd9fmGF4jeDVl8g=
  _: 'https://registry.npmjs.org/ms/-/ms-2.0.0.tgz'
munchy:
 _:
  ^1.0.4: 1.0.4
 1.0.4:
  top: 1
  $: sha512-Zl6C99v/qARCGXCV7Fd25YRTEj3GY7r3XIAE3VJbmiNrfMD6weSYmzJmrYaUgmSmjxyqvEozTL2R+UVfZLH5hw==
  _: 'https://registry.npmjs.org/munchy/-/munchy-1.0.4.tgz'
negotiator:
 _:
  0.6.1: 0.6.1
 0.6.1:
  $: sha1-KzJxhOiZIQEXeyhWP7XnECrNDKk=
  _: 'https://registry.npmjs.org/negotiator/-/negotiator-0.6.1.tgz'
on-finished:
 _:
  ^2.3.0: 2.3.0
 2.3.0:
  $: sha1-IPEzZIGwg811M3mSoWlxqi2QaUc=
  _: 'https://registry.npmjs.org/on-finished/-/on-finished-2.3.0.tgz'
  dependencies:
   ee-first: 1.1.1
only:
 _:
  ~0.0.2: 0.0.2
 0.0.2:
  $: sha1-Kv3oTQPlC5qO3EROMGEKcCle37Q=
  _: 'https://registry.npmjs.org/only/-/only-0.0.2.tgz'
parseurl:
 _:
  ^1.3.2: 1.3.2
 1.3.2:
  $: sha1-/CidTtiZMRlGDBViUyYs3I3mW/M=
  _: 'https://registry.npmjs.org/parseurl/-/parseurl-1.3.2.tgz'
path-to-regexp:
 _:
  ^1.2.0: 1.7.0
 1.7.0:
  $: sha1-Wf3g9DW62suhA6hOnTvGTpa5k30=
  _: 'https://registry.npmjs.org/path-to-regexp/-/path-to-regexp-1.7.0.tgz'
  dependencies:
   isarray: 0.0.1
setprototypeof:
 _:
  1.1.0: 1.1.0
  1.1.1: 1.1.1
 1.1.1:
  $: sha512-JvdAWfbXeIGaZ9cILp38HntZSFSo3mWg6xGcJJsd+d4aRMOqauag1C63dJfDw7OaMYwEbHMOxEZ1lqVRYP2OAw==
  _: 'https://registry.npmjs.org/setprototypeof/-/setprototypeof-1.1.1.tgz'
 1.1.0:
  $: sha512-BvE/TwpZX4FXExxOxZyRGQQv651MSwmWKZGqvmPcRIjDqWub67kTKuIMx43cZZrS/cBBzwBcNDWoFxt2XEFIpQ==
  _: 'https://registry.npmjs.org/setprototypeof/-/setprototypeof-1.1.0.tgz'
statuses:
 _:
  '>= 1.4.0 < 2,>= 1.5.0 < 2,^1.5.0': 1.5.0
 1.5.0:
  $: sha1-Fhx9rBd2Wf2YEfQ3cfqZOBR4Yow=
  _: 'https://registry.npmjs.org/statuses/-/statuses-1.5.0.tgz'
toidentifier:
 _:
  1.0.0: 1.0.0
 1.0.0:
  $: sha512-yaOH/Pk/VEhBWWTlhI+qXxDFXlejDGcQipMlyxda9nthulaxLZUNcUqFxokp0vcYnvteJln5FNQDRrxj3YcbVw==
  _: 'https://registry.npmjs.org/toidentifier/-/toidentifier-1.0.0.tgz'
type-is:
 _:
  ^1.6.16: 1.6.16
 1.6.16:
  $: sha512-HRkVv/5qY2G6I8iab9cI7v1bOIdhm94dVjQCPFElW9W+3GeDOSHmy2EBYe4VTApuzolPcmgFTN3ftVJRKR2J9Q==
  _: 'https://registry.npmjs.org/type-is/-/type-is-1.6.16.tgz'
  dependencies:
   media-typer: 0.3.0
   mime-types: ~2.1.18
vary:
 _:
  ^1.1.2: 1.1.2
 1.1.2:
  $: sha1-IpnwLG3tMNSllhsLn3RSShj2NPw=
  _: 'https://registry.npmjs.org/vary/-/vary-1.1.2.tgz'
ylru:
 _:
  ^1.2.0: 1.2.1
 1.2.1:
  $: sha512-faQrqNMzcPCHGVC2aaOINk13K+aaBDUPjGWl0teOXywElLjyVAB6Oe2jj62jHYtwsU49jXhScYbvPENK+6zAvQ==
  _: 'https://registry.npmjs.org/ylru/-/ylru-1.2.1.tgz'
